// !$*UTF8*$!
{
	archiveVersion = 1;
	classes = {
	};
	objectVersion = 46;
	objects = {

/* Begin PBXBuildFile section */
		0E6249D81F73544000F47A62 /* HWShoppinglistController.m in Sources */ = {isa = PBXBuildFile; fileRef = 0E6249D71F73544000F47A62 /* HWShoppinglistController.m */; };
		549F7F53DAA5AF21BF31483C /* Pods_HWDemo.framework in Frameworks */ = {isa = PBXBuildFile; fileRef = C638FE5EC429E1A0A3AEC4DC /* Pods_HWDemo.framework */; };
		C53042431ECC29CC00D735E9 /* HWNavHeadViewController.m in Sources */ = {isa = PBXBuildFile; fileRef = C53042421ECC29CC00D735E9 /* HWNavHeadViewController.m */; };
		C530424A1ECC608A00D735E9 /* HWImageController.m in Sources */ = {isa = PBXBuildFile; fileRef = C53042491ECC608A00D735E9 /* HWImageController.m */; };
		C530424C1ECC61D400D735E9 /* u=3478543434,1600279262&fm=23&gp=0.jpg in Resources */ = {isa = PBXBuildFile; fileRef = C530424B1ECC61D400D735E9 /* u=3478543434,1600279262&fm=23&gp=0.jpg */; };
		C53042501ECC6F1000D735E9 /* HWView.m in Sources */ = {isa = PBXBuildFile; fileRef = C530424F1ECC6F1000D735E9 /* HWView.m */; };
		C543A6D91EEE4106008A83CE /* HWCamerController.m in Sources */ = {isa = PBXBuildFile; fileRef = C543A6D81EEE4106008A83CE /* HWCamerController.m */; };
		C543A6DF1EEE9C14008A83CE /* CoreImage.framework in Frameworks */ = {isa = PBXBuildFile; fileRef = C543A6DE1EEE9C14008A83CE /* CoreImage.framework */; };
		C58167811EE109930002D85B /* HWGPUImageController.m in Sources */ = {isa = PBXBuildFile; fileRef = C58167801EE109930002D85B /* HWGPUImageController.m */; };
		C58167E31EE68B870002D85B /* AVFoundation.framework in Frameworks */ = {isa = PBXBuildFile; fileRef = C58167E21EE68B870002D85B /* AVFoundation.framework */; };
		C58167E51EE68B980002D85B /* QuartzCore.framework in Frameworks */ = {isa = PBXBuildFile; fileRef = C58167E41EE68B980002D85B /* QuartzCore.framework */; };
		C58167E71EE68B9F0002D85B /* OpenGLES.framework in Frameworks */ = {isa = PBXBuildFile; fileRef = C58167E61EE68B9F0002D85B /* OpenGLES.framework */; };
		C58167E91EE68BAA0002D85B /* CoreVideo.framework in Frameworks */ = {isa = PBXBuildFile; fileRef = C58167E81EE68BAA0002D85B /* CoreVideo.framework */; };
		C58167EB1EE68BB30002D85B /* CoreMedia.framework in Frameworks */ = {isa = PBXBuildFile; fileRef = C58167EA1EE68BB30002D85B /* CoreMedia.framework */; };
		C58167ED1EE824810002D85B /* Photos.framework in Frameworks */ = {isa = PBXBuildFile; fileRef = C58167EC1EE824800002D85B /* Photos.framework */; };
		C58DBBDE1EC2E49A00382FD4 /* main.m in Sources */ = {isa = PBXBuildFile; fileRef = C58DBBDD1EC2E49A00382FD4 /* main.m */; };
		C58DBBE11EC2E49A00382FD4 /* AppDelegate.m in Sources */ = {isa = PBXBuildFile; fileRef = C58DBBE01EC2E49A00382FD4 /* AppDelegate.m */; };
		C58DBBE41EC2E49A00382FD4 /* ViewController.m in Sources */ = {isa = PBXBuildFile; fileRef = C58DBBE31EC2E49A00382FD4 /* ViewController.m */; };
		C58DBBE71EC2E49A00382FD4 /* Main.storyboard in Resources */ = {isa = PBXBuildFile; fileRef = C58DBBE51EC2E49A00382FD4 /* Main.storyboard */; };
		C58DBBE91EC2E49A00382FD4 /* Assets.xcassets in Resources */ = {isa = PBXBuildFile; fileRef = C58DBBE81EC2E49A00382FD4 /* Assets.xcassets */; };
		C58DBBEC1EC2E49A00382FD4 /* LaunchScreen.storyboard in Resources */ = {isa = PBXBuildFile; fileRef = C58DBBEA1EC2E49A00382FD4 /* LaunchScreen.storyboard */; };
		C58DBBF71EC2E49A00382FD4 /* HWDemoTests.m in Sources */ = {isa = PBXBuildFile; fileRef = C58DBBF61EC2E49A00382FD4 /* HWDemoTests.m */; };
		C58DBC021EC2E49A00382FD4 /* HWDemoUITests.m in Sources */ = {isa = PBXBuildFile; fileRef = C58DBC011EC2E49A00382FD4 /* HWDemoUITests.m */; };
		C58DBC111EC2E88400382FD4 /* HWSelectorViewController.m in Sources */ = {isa = PBXBuildFile; fileRef = C58DBC101EC2E88400382FD4 /* HWSelectorViewController.m */; };
		C5DD097F1EC2EF6B000525EE /* HWSelecorView.m in Sources */ = {isa = PBXBuildFile; fileRef = C5DD097E1EC2EF6B000525EE /* HWSelecorView.m */; };
/* End PBXBuildFile section */

/* Begin PBXContainerItemProxy section */
		C58DBBF31EC2E49A00382FD4 /* PBXContainerItemProxy */ = {
			isa = PBXContainerItemProxy;
			containerPortal = C58DBBD11EC2E49A00382FD4 /* Project object */;
			proxyType = 1;
			remoteGlobalIDString = C58DBBD81EC2E49A00382FD4;
			remoteInfo = HWDemo;
		};
		C58DBBFE1EC2E49A00382FD4 /* PBXContainerItemProxy */ = {
			isa = PBXContainerItemProxy;
			containerPortal = C58DBBD11EC2E49A00382FD4 /* Project object */;
			proxyType = 1;
			remoteGlobalIDString = C58DBBD81EC2E49A00382FD4;
			remoteInfo = HWDemo;
		};
/* End PBXContainerItemProxy section */

/* Begin PBXFileReference section */
		0E6249D61F73544000F47A62 /* HWShoppinglistController.h */ = {isa = PBXFileReference; fileEncoding = 4; lastKnownFileType = sourcecode.c.h; path = HWShoppinglistController.h; sourceTree = "<group>"; };
		0E6249D71F73544000F47A62 /* HWShoppinglistController.m */ = {isa = PBXFileReference; fileEncoding = 4; lastKnownFileType = sourcecode.c.objc; path = HWShoppinglistController.m; sourceTree = "<group>"; };
		25424420ADBCB55094512790 /* Pods-HWDemo.debug.xcconfig */ = {isa = PBXFileReference; includeInIndex = 1; lastKnownFileType = text.xcconfig; name = "Pods-HWDemo.debug.xcconfig"; path = "Pods/Target Support Files/Pods-HWDemo/Pods-HWDemo.debug.xcconfig"; sourceTree = "<group>"; };
		C1C460841FA36903184B073D /* Pods-HWDemo.release.xcconfig */ = {isa = PBXFileReference; includeInIndex = 1; lastKnownFileType = text.xcconfig; name = "Pods-HWDemo.release.xcconfig"; path = "Pods/Target Support Files/Pods-HWDemo/Pods-HWDemo.release.xcconfig"; sourceTree = "<group>"; };
		C53042411ECC29CC00D735E9 /* HWNavHeadViewController.h */ = {isa = PBXFileReference; fileEncoding = 4; lastKnownFileType = sourcecode.c.h; path = HWNavHeadViewController.h; sourceTree = "<group>"; };
		C53042421ECC29CC00D735E9 /* HWNavHeadViewController.m */ = {isa = PBXFileReference; fileEncoding = 4; lastKnownFileType = sourcecode.c.objc; path = HWNavHeadViewController.m; sourceTree = "<group>"; };
		C53042451ECC2F9D00D735E9 /* PrefixHeader.pch */ = {isa = PBXFileReference; fileEncoding = 4; lastKnownFileType = sourcecode.c.h; path = PrefixHeader.pch; sourceTree = "<group>"; };
		C53042481ECC608A00D735E9 /* HWImageController.h */ = {isa = PBXFileReference; fileEncoding = 4; lastKnownFileType = sourcecode.c.h; path = HWImageController.h; sourceTree = "<group>"; };
		C53042491ECC608A00D735E9 /* HWImageController.m */ = {isa = PBXFileReference; fileEncoding = 4; lastKnownFileType = sourcecode.c.objc; path = HWImageController.m; sourceTree = "<group>"; };
		C530424B1ECC61D400D735E9 /* u=3478543434,1600279262&fm=23&gp=0.jpg */ = {isa = PBXFileReference; lastKnownFileType = image.jpeg; path = "u=3478543434,1600279262&fm=23&gp=0.jpg"; sourceTree = "<group>"; };
		C530424E1ECC6F1000D735E9 /* HWView.h */ = {isa = PBXFileReference; fileEncoding = 4; lastKnownFileType = sourcecode.c.h; path = HWView.h; sourceTree = "<group>"; };
		C530424F1ECC6F1000D735E9 /* HWView.m */ = {isa = PBXFileReference; fileEncoding = 4; lastKnownFileType = sourcecode.c.objc; path = HWView.m; sourceTree = "<group>"; };
		C543A6D71EEE4106008A83CE /* HWCamerController.h */ = {isa = PBXFileReference; fileEncoding = 4; lastKnownFileType = sourcecode.c.h; path = HWCamerController.h; sourceTree = "<group>"; };
		C543A6D81EEE4106008A83CE /* HWCamerController.m */ = {isa = PBXFileReference; fileEncoding = 4; lastKnownFileType = sourcecode.c.objc; path = HWCamerController.m; sourceTree = "<group>"; };
		C543A6DE1EEE9C14008A83CE /* CoreImage.framework */ = {isa = PBXFileReference; lastKnownFileType = wrapper.framework; name = CoreImage.framework; path = System/Library/Frameworks/CoreImage.framework; sourceTree = SDKROOT; };
		C581677F1EE109930002D85B /* HWGPUImageController.h */ = {isa = PBXFileReference; fileEncoding = 4; lastKnownFileType = sourcecode.c.h; path = HWGPUImageController.h; sourceTree = "<group>"; };
		C58167801EE109930002D85B /* HWGPUImageController.m */ = {isa = PBXFileReference; fileEncoding = 4; lastKnownFileType = sourcecode.c.objc; path = HWGPUImageController.m; sourceTree = "<group>"; };
		C58167E21EE68B870002D85B /* AVFoundation.framework */ = {isa = PBXFileReference; lastKnownFileType = wrapper.framework; name = AVFoundation.framework; path = System/Library/Frameworks/AVFoundation.framework; sourceTree = SDKROOT; };
		C58167E41EE68B980002D85B /* QuartzCore.framework */ = {isa = PBXFileReference; lastKnownFileType = wrapper.framework; name = QuartzCore.framework; path = System/Library/Frameworks/QuartzCore.framework; sourceTree = SDKROOT; };
		C58167E61EE68B9F0002D85B /* OpenGLES.framework */ = {isa = PBXFileReference; lastKnownFileType = wrapper.framework; name = OpenGLES.framework; path = System/Library/Frameworks/OpenGLES.framework; sourceTree = SDKROOT; };
		C58167E81EE68BAA0002D85B /* CoreVideo.framework */ = {isa = PBXFileReference; lastKnownFileType = wrapper.framework; name = CoreVideo.framework; path = System/Library/Frameworks/CoreVideo.framework; sourceTree = SDKROOT; };
		C58167EA1EE68BB30002D85B /* CoreMedia.framework */ = {isa = PBXFileReference; lastKnownFileType = wrapper.framework; name = CoreMedia.framework; path = System/Library/Frameworks/CoreMedia.framework; sourceTree = SDKROOT; };
		C58167EC1EE824800002D85B /* Photos.framework */ = {isa = PBXFileReference; lastKnownFileType = wrapper.framework; name = Photos.framework; path = System/Library/Frameworks/Photos.framework; sourceTree = SDKROOT; };
		C58DBBD91EC2E49A00382FD4 /* HWDemo.app */ = {isa = PBXFileReference; explicitFileType = wrapper.application; includeInIndex = 0; path = HWDemo.app; sourceTree = BUILT_PRODUCTS_DIR; };
		C58DBBDD1EC2E49A00382FD4 /* main.m */ = {isa = PBXFileReference; lastKnownFileType = sourcecode.c.objc; path = main.m; sourceTree = "<group>"; };
		C58DBBDF1EC2E49A00382FD4 /* AppDelegate.h */ = {isa = PBXFileReference; lastKnownFileType = sourcecode.c.h; path = AppDelegate.h; sourceTree = "<group>"; };
		C58DBBE01EC2E49A00382FD4 /* AppDelegate.m */ = {isa = PBXFileReference; lastKnownFileType = sourcecode.c.objc; path = AppDelegate.m; sourceTree = "<group>"; };
		C58DBBE21EC2E49A00382FD4 /* ViewController.h */ = {isa = PBXFileReference; lastKnownFileType = sourcecode.c.h; path = ViewController.h; sourceTree = "<group>"; };
		C58DBBE31EC2E49A00382FD4 /* ViewController.m */ = {isa = PBXFileReference; lastKnownFileType = sourcecode.c.objc; path = ViewController.m; sourceTree = "<group>"; };
		C58DBBE61EC2E49A00382FD4 /* Base */ = {isa = PBXFileReference; lastKnownFileType = file.storyboard; name = Base; path = Base.lproj/Main.storyboard; sourceTree = "<group>"; };
		C58DBBE81EC2E49A00382FD4 /* Assets.xcassets */ = {isa = PBXFileReference; lastKnownFileType = folder.assetcatalog; path = Assets.xcassets; sourceTree = "<group>"; };
		C58DBBEB1EC2E49A00382FD4 /* Base */ = {isa = PBXFileReference; lastKnownFileType = file.storyboard; name = Base; path = Base.lproj/LaunchScreen.storyboard; sourceTree = "<group>"; };
		C58DBBED1EC2E49A00382FD4 /* Info.plist */ = {isa = PBXFileReference; lastKnownFileType = text.plist.xml; path = Info.plist; sourceTree = "<group>"; };
		C58DBBF21EC2E49A00382FD4 /* HWDemoTests.xctest */ = {isa = PBXFileReference; explicitFileType = wrapper.cfbundle; includeInIndex = 0; path = HWDemoTests.xctest; sourceTree = BUILT_PRODUCTS_DIR; };
		C58DBBF61EC2E49A00382FD4 /* HWDemoTests.m */ = {isa = PBXFileReference; lastKnownFileType = sourcecode.c.objc; path = HWDemoTests.m; sourceTree = "<group>"; };
		C58DBBF81EC2E49A00382FD4 /* Info.plist */ = {isa = PBXFileReference; lastKnownFileType = text.plist.xml; path = Info.plist; sourceTree = "<group>"; };
		C58DBBFD1EC2E49A00382FD4 /* HWDemoUITests.xctest */ = {isa = PBXFileReference; explicitFileType = wrapper.cfbundle; includeInIndex = 0; path = HWDemoUITests.xctest; sourceTree = BUILT_PRODUCTS_DIR; };
		C58DBC011EC2E49A00382FD4 /* HWDemoUITests.m */ = {isa = PBXFileReference; lastKnownFileType = sourcecode.c.objc; path = HWDemoUITests.m; sourceTree = "<group>"; };
		C58DBC031EC2E49A00382FD4 /* Info.plist */ = {isa = PBXFileReference; lastKnownFileType = text.plist.xml; path = Info.plist; sourceTree = "<group>"; };
		C58DBC0F1EC2E88400382FD4 /* HWSelectorViewController.h */ = {isa = PBXFileReference; fileEncoding = 4; lastKnownFileType = sourcecode.c.h; path = HWSelectorViewController.h; sourceTree = "<group>"; };
		C58DBC101EC2E88400382FD4 /* HWSelectorViewController.m */ = {isa = PBXFileReference; fileEncoding = 4; lastKnownFileType = sourcecode.c.objc; path = HWSelectorViewController.m; sourceTree = "<group>"; };
		C5DD097D1EC2EF6B000525EE /* HWSelecorView.h */ = {isa = PBXFileReference; fileEncoding = 4; lastKnownFileType = sourcecode.c.h; path = HWSelecorView.h; sourceTree = "<group>"; };
		C5DD097E1EC2EF6B000525EE /* HWSelecorView.m */ = {isa = PBXFileReference; fileEncoding = 4; lastKnownFileType = sourcecode.c.objc; path = HWSelecorView.m; sourceTree = "<group>"; };
		C638FE5EC429E1A0A3AEC4DC /* Pods_HWDemo.framework */ = {isa = PBXFileReference; explicitFileType = wrapper.framework; includeInIndex = 0; path = Pods_HWDemo.framework; sourceTree = BUILT_PRODUCTS_DIR; };
/* End PBXFileReference section */

/* Begin PBXFrameworksBuildPhase section */
		C58DBBD61EC2E49A00382FD4 /* Frameworks */ = {
			isa = PBXFrameworksBuildPhase;
			buildActionMask = 2147483647;
			files = (
				C543A6DF1EEE9C14008A83CE /* CoreImage.framework in Frameworks */,
				C58167ED1EE824810002D85B /* Photos.framework in Frameworks */,
				C58167EB1EE68BB30002D85B /* CoreMedia.framework in Frameworks */,
				C58167E91EE68BAA0002D85B /* CoreVideo.framework in Frameworks */,
				C58167E71EE68B9F0002D85B /* OpenGLES.framework in Frameworks */,
				C58167E51EE68B980002D85B /* QuartzCore.framework in Frameworks */,
				C58167E31EE68B870002D85B /* AVFoundation.framework in Frameworks */,
				549F7F53DAA5AF21BF31483C /* Pods_HWDemo.framework in Frameworks */,
			);
			runOnlyForDeploymentPostprocessing = 0;
		};
		C58DBBEF1EC2E49A00382FD4 /* Frameworks */ = {
			isa = PBXFrameworksBuildPhase;
			buildActionMask = 2147483647;
			files = (
			);
			runOnlyForDeploymentPostprocessing = 0;
		};
		C58DBBFA1EC2E49A00382FD4 /* Frameworks */ = {
			isa = PBXFrameworksBuildPhase;
			buildActionMask = 2147483647;
			files = (
			);
			runOnlyForDeploymentPostprocessing = 0;
		};
/* End PBXFrameworksBuildPhase section */

/* Begin PBXGroup section */
		5E43FEA97A6EFD27CA254AF1 /* Pods */ = {
			isa = PBXGroup;
			children = (
				25424420ADBCB55094512790 /* Pods-HWDemo.debug.xcconfig */,
				C1C460841FA36903184B073D /* Pods-HWDemo.release.xcconfig */,
			);
			name = Pods;
			sourceTree = "<group>";
		};
		C53042401ECC290E00D735E9 /* Nav */ = {
			isa = PBXGroup;
			children = (
				C53042411ECC29CC00D735E9 /* HWNavHeadViewController.h */,
				C53042421ECC29CC00D735E9 /* HWNavHeadViewController.m */,
			);
			name = Nav;
			sourceTree = "<group>";
		};
		C53042471ECC605700D735E9 /* ImageController */ = {
			isa = PBXGroup;
			children = (
				C53042481ECC608A00D735E9 /* HWImageController.h */,
				C53042491ECC608A00D735E9 /* HWImageController.m */,
				C530424D1ECC6EF800D735E9 /* view */,
			);
			name = ImageController;
			sourceTree = "<group>";
		};
		C530424D1ECC6EF800D735E9 /* view */ = {
			isa = PBXGroup;
			children = (
				C530424E1ECC6F1000D735E9 /* HWView.h */,
				C530424F1ECC6F1000D735E9 /* HWView.m */,
			);
			name = view;
			sourceTree = "<group>";
		};
		C543A6D61EEE40CA008A83CE /* camera */ = {
			isa = PBXGroup;
			children = (
				C543A6D71EEE4106008A83CE /* HWCamerController.h */,
				C543A6D81EEE4106008A83CE /* HWCamerController.m */,
			);
			name = camera;
			sourceTree = "<group>";
		};
		C581677E1EE1095B0002D85B /* GPUImage */ = {
			isa = PBXGroup;
			children = (
				C581677F1EE109930002D85B /* HWGPUImageController.h */,
				C58167801EE109930002D85B /* HWGPUImageController.m */,
			);
			name = GPUImage;
			path = ..;
			sourceTree = "<group>";
		};
		C58DBBD01EC2E49A00382FD4 = {
			isa = PBXGroup;
			children = (
				C58DBBDB1EC2E49A00382FD4 /* HWDemo */,
				C58DBBF51EC2E49A00382FD4 /* HWDemoTests */,
				C58DBC001EC2E49A00382FD4 /* HWDemoUITests */,
				C58DBBDA1EC2E49A00382FD4 /* Products */,
				5E43FEA97A6EFD27CA254AF1 /* Pods */,
				F840938264FB35BBF5D7FC1C /* Frameworks */,
			);
			sourceTree = "<group>";
		};
		C58DBBDA1EC2E49A00382FD4 /* Products */ = {
			isa = PBXGroup;
			children = (
				C58DBBD91EC2E49A00382FD4 /* HWDemo.app */,
				C58DBBF21EC2E49A00382FD4 /* HWDemoTests.xctest */,
				C58DBBFD1EC2E49A00382FD4 /* HWDemoUITests.xctest */,
			);
			name = Products;
			sourceTree = "<group>";
		};
		C58DBBDB1EC2E49A00382FD4 /* HWDemo */ = {
			isa = PBXGroup;
			children = (
				C58DBBDF1EC2E49A00382FD4 /* AppDelegate.h */,
				C58DBBE01EC2E49A00382FD4 /* AppDelegate.m */,
				C58DBBE21EC2E49A00382FD4 /* ViewController.h */,
				C58DBBE31EC2E49A00382FD4 /* ViewController.m */,
				0E6249D61F73544000F47A62 /* HWShoppinglistController.h */,
				0E6249D71F73544000F47A62 /* HWShoppinglistController.m */,
				C543A6D61EEE40CA008A83CE /* camera */,
				C581677E1EE1095B0002D85B /* GPUImage */,
				C53042471ECC605700D735E9 /* ImageController */,
				C53042401ECC290E00D735E9 /* Nav */,
				C5DD097B1EC2EBE7000525EE /* Selector */,
				C58DBBE51EC2E49A00382FD4 /* Main.storyboard */,
				C58DBBE81EC2E49A00382FD4 /* Assets.xcassets */,
				C58DBBEA1EC2E49A00382FD4 /* LaunchScreen.storyboard */,
				C58DBBED1EC2E49A00382FD4 /* Info.plist */,
				C58DBBDC1EC2E49A00382FD4 /* Supporting Files */,
			);
			path = HWDemo;
			sourceTree = "<group>";
		};
		C58DBBDC1EC2E49A00382FD4 /* Supporting Files */ = {
			isa = PBXGroup;
			children = (
				C530424B1ECC61D400D735E9 /* u=3478543434,1600279262&fm=23&gp=0.jpg */,
				C58DBBDD1EC2E49A00382FD4 /* main.m */,
				C53042451ECC2F9D00D735E9 /* PrefixHeader.pch */,
			);
			name = "Supporting Files";
			sourceTree = "<group>";
		};
		C58DBBF51EC2E49A00382FD4 /* HWDemoTests */ = {
			isa = PBXGroup;
			children = (
				C58DBBF61EC2E49A00382FD4 /* HWDemoTests.m */,
				C58DBBF81EC2E49A00382FD4 /* Info.plist */,
			);
			path = HWDemoTests;
			sourceTree = "<group>";
		};
		C58DBC001EC2E49A00382FD4 /* HWDemoUITests */ = {
			isa = PBXGroup;
			children = (
				C58DBC011EC2E49A00382FD4 /* HWDemoUITests.m */,
				C58DBC031EC2E49A00382FD4 /* Info.plist */,
			);
			path = HWDemoUITests;
			sourceTree = "<group>";
		};
		C5DD097B1EC2EBE7000525EE /* Selector */ = {
			isa = PBXGroup;
			children = (
				C5DD097C1EC2EF00000525EE /* View */,
				C58DBC0F1EC2E88400382FD4 /* HWSelectorViewController.h */,
				C58DBC101EC2E88400382FD4 /* HWSelectorViewController.m */,
			);
			name = Selector;
			sourceTree = "<group>";
		};
		C5DD097C1EC2EF00000525EE /* View */ = {
			isa = PBXGroup;
			children = (
				C5DD097D1EC2EF6B000525EE /* HWSelecorView.h */,
				C5DD097E1EC2EF6B000525EE /* HWSelecorView.m */,
			);
			name = View;
			sourceTree = "<group>";
		};
		F840938264FB35BBF5D7FC1C /* Frameworks */ = {
			isa = PBXGroup;
			children = (
				C543A6DE1EEE9C14008A83CE /* CoreImage.framework */,
				C58167EC1EE824800002D85B /* Photos.framework */,
				C58167EA1EE68BB30002D85B /* CoreMedia.framework */,
				C58167E81EE68BAA0002D85B /* CoreVideo.framework */,
				C58167E61EE68B9F0002D85B /* OpenGLES.framework */,
				C58167E41EE68B980002D85B /* QuartzCore.framework */,
				C58167E21EE68B870002D85B /* AVFoundation.framework */,
				C638FE5EC429E1A0A3AEC4DC /* Pods_HWDemo.framework */,
			);
			name = Frameworks;
			sourceTree = "<group>";
		};
/* End PBXGroup section */

/* Begin PBXNativeTarget section */
		C58DBBD81EC2E49A00382FD4 /* HWDemo */ = {
			isa = PBXNativeTarget;
			buildConfigurationList = C58DBC061EC2E49A00382FD4 /* Build configuration list for PBXNativeTarget "HWDemo" */;
			buildPhases = (
				99ABAB98BC66AF4FCF03D424 /* [CP] Check Pods Manifest.lock */,
				C58DBBD51EC2E49A00382FD4 /* Sources */,
				C58DBBD61EC2E49A00382FD4 /* Frameworks */,
				C58DBBD71EC2E49A00382FD4 /* Resources */,
				F3835A80CCC2918306F5BF12 /* [CP] Embed Pods Frameworks */,
				5D492C374CFF2222FD2A8681 /* [CP] Copy Pods Resources */,
			);
			buildRules = (
			);
			dependencies = (
			);
			name = HWDemo;
			productName = HWDemo;
			productReference = C58DBBD91EC2E49A00382FD4 /* HWDemo.app */;
			productType = "com.apple.product-type.application";
		};
		C58DBBF11EC2E49A00382FD4 /* HWDemoTests */ = {
			isa = PBXNativeTarget;
			buildConfigurationList = C58DBC091EC2E49A00382FD4 /* Build configuration list for PBXNativeTarget "HWDemoTests" */;
			buildPhases = (
				C58DBBEE1EC2E49A00382FD4 /* Sources */,
				C58DBBEF1EC2E49A00382FD4 /* Frameworks */,
				C58DBBF01EC2E49A00382FD4 /* Resources */,
			);
			buildRules = (
			);
			dependencies = (
				C58DBBF41EC2E49A00382FD4 /* PBXTargetDependency */,
			);
			name = HWDemoTests;
			productName = HWDemoTests;
			productReference = C58DBBF21EC2E49A00382FD4 /* HWDemoTests.xctest */;
			productType = "com.apple.product-type.bundle.unit-test";
		};
		C58DBBFC1EC2E49A00382FD4 /* HWDemoUITests */ = {
			isa = PBXNativeTarget;
			buildConfigurationList = C58DBC0C1EC2E49A00382FD4 /* Build configuration list for PBXNativeTarget "HWDemoUITests" */;
			buildPhases = (
				C58DBBF91EC2E49A00382FD4 /* Sources */,
				C58DBBFA1EC2E49A00382FD4 /* Frameworks */,
				C58DBBFB1EC2E49A00382FD4 /* Resources */,
			);
			buildRules = (
			);
			dependencies = (
				C58DBBFF1EC2E49A00382FD4 /* PBXTargetDependency */,
			);
			name = HWDemoUITests;
			productName = HWDemoUITests;
			productReference = C58DBBFD1EC2E49A00382FD4 /* HWDemoUITests.xctest */;
			productType = "com.apple.product-type.bundle.ui-testing";
		};
/* End PBXNativeTarget section */

/* Begin PBXProject section */
		C58DBBD11EC2E49A00382FD4 /* Project object */ = {
			isa = PBXProject;
			attributes = {
				CLASSPREFIX = HW;
				LastUpgradeCheck = 0830;
				ORGANIZATIONNAME = Hw;
				TargetAttributes = {
					C58DBBD81EC2E49A00382FD4 = {
						CreatedOnToolsVersion = 8.3.1;
						DevelopmentTeam = 56JAM34B5U;
						ProvisioningStyle = Manual;
					};
					C58DBBF11EC2E49A00382FD4 = {
						CreatedOnToolsVersion = 8.3.1;
						DevelopmentTeam = 56VND8YVS8;
						ProvisioningStyle = Automatic;
						TestTargetID = C58DBBD81EC2E49A00382FD4;
					};
					C58DBBFC1EC2E49A00382FD4 = {
						CreatedOnToolsVersion = 8.3.1;
						DevelopmentTeam = 56VND8YVS8;
						ProvisioningStyle = Automatic;
						TestTargetID = C58DBBD81EC2E49A00382FD4;
					};
				};
			};
			buildConfigurationList = C58DBBD41EC2E49A00382FD4 /* Build configuration list for PBXProject "HWDemo" */;
			compatibilityVersion = "Xcode 3.2";
			developmentRegion = English;
			hasScannedForEncodings = 0;
			knownRegions = (
				en,
				Base,
			);
			mainGroup = C58DBBD01EC2E49A00382FD4;
			productRefGroup = C58DBBDA1EC2E49A00382FD4 /* Products */;
			projectDirPath = "";
			projectRoot = "";
			targets = (
				C58DBBD81EC2E49A00382FD4 /* HWDemo */,
				C58DBBF11EC2E49A00382FD4 /* HWDemoTests */,
				C58DBBFC1EC2E49A00382FD4 /* HWDemoUITests */,
			);
		};
/* End PBXProject section */

/* Begin PBXResourcesBuildPhase section */
		C58DBBD71EC2E49A00382FD4 /* Resources */ = {
			isa = PBXResourcesBuildPhase;
			buildActionMask = 2147483647;
			files = (
				C530424C1ECC61D400D735E9 /* u=3478543434,1600279262&fm=23&gp=0.jpg in Resources */,
				C58DBBEC1EC2E49A00382FD4 /* LaunchScreen.storyboard in Resources */,
				C58DBBE91EC2E49A00382FD4 /* Assets.xcassets in Resources */,
				C58DBBE71EC2E49A00382FD4 /* Main.storyboard in Resources */,
			);
			runOnlyForDeploymentPostprocessing = 0;
		};
		C58DBBF01EC2E49A00382FD4 /* Resources */ = {
			isa = PBXResourcesBuildPhase;
			buildActionMask = 2147483647;
			files = (
			);
			runOnlyForDeploymentPostprocessing = 0;
		};
		C58DBBFB1EC2E49A00382FD4 /* Resources */ = {
			isa = PBXResourcesBuildPhase;
			buildActionMask = 2147483647;
			files = (
			);
			runOnlyForDeploymentPostprocessing = 0;
		};
/* End PBXResourcesBuildPhase section */

/* Begin PBXShellScriptBuildPhase section */
		5D492C374CFF2222FD2A8681 /* [CP] Copy Pods Resources */ = {
			isa = PBXShellScriptBuildPhase;
			buildActionMask = 2147483647;
			files = (
			);
			inputPaths = (
			);
			name = "[CP] Copy Pods Resources";
			outputPaths = (
			);
			runOnlyForDeploymentPostprocessing = 0;
			shellPath = /bin/sh;
			shellScript = "\"${SRCROOT}/Pods/Target Support Files/Pods-HWDemo/Pods-HWDemo-resources.sh\"\n";
			showEnvVarsInLog = 0;
		};
		99ABAB98BC66AF4FCF03D424 /* [CP] Check Pods Manifest.lock */ = {
			isa = PBXShellScriptBuildPhase;
			buildActionMask = 2147483647;
			files = (
			);
			inputPaths = (
			);
			name = "[CP] Check Pods Manifest.lock";
			outputPaths = (
			);
			runOnlyForDeploymentPostprocessing = 0;
			shellPath = /bin/sh;
			shellScript = "diff \"${PODS_ROOT}/../Podfile.lock\" \"${PODS_ROOT}/Manifest.lock\" > /dev/null\nif [ $? != 0 ] ; then\n    # print error to STDERR\n    echo \"error: The sandbox is not in sync with the Podfile.lock. Run 'pod install' or update your CocoaPods installation.\" >&2\n    exit 1\nfi\n";
			showEnvVarsInLog = 0;
		};
		F3835A80CCC2918306F5BF12 /* [CP] Embed Pods Frameworks */ = {
			isa = PBXShellScriptBuildPhase;
			buildActionMask = 2147483647;
			files = (
			);
			inputPaths = (
			);
			name = "[CP] Embed Pods Frameworks";
			outputPaths = (
			);
			runOnlyForDeploymentPostprocessing = 0;
			shellPath = /bin/sh;
			shellScript = "\"${SRCROOT}/Pods/Target Support Files/Pods-HWDemo/Pods-HWDemo-frameworks.sh\"\n";
			showEnvVarsInLog = 0;
		};
/* End PBXShellScriptBuildPhase section */

/* Begin PBXSourcesBuildPhase section */
		C58DBBD51EC2E49A00382FD4 /* Sources */ = {
			isa = PBXSourcesBuildPhase;
			buildActionMask = 2147483647;
			files = (
				C5DD097F1EC2EF6B000525EE /* HWSelecorView.m in Sources */,
				C58167811EE109930002D85B /* HWGPUImageController.m in Sources */,
				C530424A1ECC608A00D735E9 /* HWImageController.m in Sources */,
				C543A6D91EEE4106008A83CE /* HWCamerController.m in Sources */,
				C58DBC111EC2E88400382FD4 /* HWSelectorViewController.m in Sources */,
				0E6249D81F73544000F47A62 /* HWShoppinglistController.m in Sources */,
				C58DBBE41EC2E49A00382FD4 /* ViewController.m in Sources */,
				C58DBBE11EC2E49A00382FD4 /* AppDelegate.m in Sources */,
				C53042501ECC6F1000D735E9 /* HWView.m in Sources */,
				C58DBBDE1EC2E49A00382FD4 /* main.m in Sources */,
				C53042431ECC29CC00D735E9 /* HWNavHeadViewController.m in Sources */,
			);
			runOnlyForDeploymentPostprocessing = 0;
		};
		C58DBBEE1EC2E49A00382FD4 /* Sources */ = {
			isa = PBXSourcesBuildPhase;
			buildActionMask = 2147483647;
			files = (
				C58DBBF71EC2E49A00382FD4 /* HWDemoTests.m in Sources */,
			);
			runOnlyForDeploymentPostprocessing = 0;
		};
		C58DBBF91EC2E49A00382FD4 /* Sources */ = {
			isa = PBXSourcesBuildPhase;
			buildActionMask = 2147483647;
			files = (
				C58DBC021EC2E49A00382FD4 /* HWDemoUITests.m in Sources */,
			);
			runOnlyForDeploymentPostprocessing = 0;
		};
/* End PBXSourcesBuildPhase section */

/* Begin PBXTargetDependency section */
		C58DBBF41EC2E49A00382FD4 /* PBXTargetDependency */ = {
			isa = PBXTargetDependency;
			target = C58DBBD81EC2E49A00382FD4 /* HWDemo */;
			targetProxy = C58DBBF31EC2E49A00382FD4 /* PBXContainerItemProxy */;
		};
		C58DBBFF1EC2E49A00382FD4 /* PBXTargetDependency */ = {
			isa = PBXTargetDependency;
			target = C58DBBD81EC2E49A00382FD4 /* HWDemo */;
			targetProxy = C58DBBFE1EC2E49A00382FD4 /* PBXContainerItemProxy */;
		};
/* End PBXTargetDependency section */

/* Begin PBXVariantGroup section */
		C58DBBE51EC2E49A00382FD4 /* Main.storyboard */ = {
			isa = PBXVariantGroup;
			children = (
				C58DBBE61EC2E49A00382FD4 /* Base */,
			);
			name = Main.storyboard;
			sourceTree = "<group>";
		};
		C58DBBEA1EC2E49A00382FD4 /* LaunchScreen.storyboard */ = {
			isa = PBXVariantGroup;
			children = (
				C58DBBEB1EC2E49A00382FD4 /* Base */,
			);
			name = LaunchScreen.storyboard;
			sourceTree = "<group>";
		};
/* End PBXVariantGroup section */

/* Begin XCBuildConfiguration section */
		C58DBC041EC2E49A00382FD4 /* Debug */ = {
			isa = XCBuildConfiguration;
			buildSettings = {
				ALWAYS_SEARCH_USER_PATHS = NO;
				CLANG_ANALYZER_NONNULL = YES;
				CLANG_ANALYZER_NUMBER_OBJECT_CONVERSION = YES_AGGRESSIVE;
				CLANG_CXX_LANGUAGE_STANDARD = "gnu++0x";
				CLANG_CXX_LIBRARY = "libc++";
				CLANG_ENABLE_MODULES = YES;
				CLANG_ENABLE_OBJC_ARC = YES;
				CLANG_WARN_BOOL_CONVERSION = YES;
				CLANG_WARN_CONSTANT_CONVERSION = YES;
				CLANG_WARN_DIRECT_OBJC_ISA_USAGE = YES_ERROR;
				CLANG_WARN_DOCUMENTATION_COMMENTS = YES;
				CLANG_WARN_EMPTY_BODY = YES;
				CLANG_WARN_ENUM_CONVERSION = YES;
				CLANG_WARN_INFINITE_RECURSION = YES;
				CLANG_WARN_INT_CONVERSION = YES;
				CLANG_WARN_OBJC_ROOT_CLASS = YES_ERROR;
				CLANG_WARN_SUSPICIOUS_MOVE = YES;
				CLANG_WARN_UNREACHABLE_CODE = YES;
				CLANG_WARN__DUPLICATE_METHOD_MATCH = YES;
				"CODE_SIGN_IDENTITY[sdk=iphoneos*]" = "iPhone Developer";
				COPY_PHASE_STRIP = NO;
				DEBUG_INFORMATION_FORMAT = dwarf;
				ENABLE_STRICT_OBJC_MSGSEND = YES;
				ENABLE_TESTABILITY = YES;
				GCC_C_LANGUAGE_STANDARD = gnu99;
				GCC_DYNAMIC_NO_PIC = NO;
				GCC_NO_COMMON_BLOCKS = YES;
				GCC_OPTIMIZATION_LEVEL = 0;
				GCC_PREPROCESSOR_DEFINITIONS = (
					"DEBUG=1",
					"$(inherited)",
				);
				GCC_WARN_64_TO_32_BIT_CONVERSION = YES;
				GCC_WARN_ABOUT_RETURN_TYPE = YES_ERROR;
				GCC_WARN_UNDECLARED_SELECTOR = YES;
				GCC_WARN_UNINITIALIZED_AUTOS = YES_AGGRESSIVE;
				GCC_WARN_UNUSED_FUNCTION = YES;
				GCC_WARN_UNUSED_VARIABLE = YES;
				IPHONEOS_DEPLOYMENT_TARGET = 10.3;
				MTL_ENABLE_DEBUG_INFO = YES;
				ONLY_ACTIVE_ARCH = YES;
				OTHER_LDFLAGS = "-ObjC";
				SDKROOT = iphoneos;
				TARGETED_DEVICE_FAMILY = "1,2";
			};
			name = Debug;
		};
		C58DBC051EC2E49A00382FD4 /* Release */ = {
			isa = XCBuildConfiguration;
			buildSettings = {
				ALWAYS_SEARCH_USER_PATHS = NO;
				CLANG_ANALYZER_NONNULL = YES;
				CLANG_ANALYZER_NUMBER_OBJECT_CONVERSION = YES_AGGRESSIVE;
				CLANG_CXX_LANGUAGE_STANDARD = "gnu++0x";
				CLANG_CXX_LIBRARY = "libc++";
				CLANG_ENABLE_MODULES = YES;
				CLANG_ENABLE_OBJC_ARC = YES;
				CLANG_WARN_BOOL_CONVERSION = YES;
				CLANG_WARN_CONSTANT_CONVERSION = YES;
				CLANG_WARN_DIRECT_OBJC_ISA_USAGE = YES_ERROR;
				CLANG_WARN_DOCUMENTATION_COMMENTS = YES;
				CLANG_WARN_EMPTY_BODY = YES;
				CLANG_WARN_ENUM_CONVERSION = YES;
				CLANG_WARN_INFINITE_RECURSION = YES;
				CLANG_WARN_INT_CONVERSION = YES;
				CLANG_WARN_OBJC_ROOT_CLASS = YES_ERROR;
				CLANG_WARN_SUSPICIOUS_MOVE = YES;
				CLANG_WARN_UNREACHABLE_CODE = YES;
				CLANG_WARN__DUPLICATE_METHOD_MATCH = YES;
				"CODE_SIGN_IDENTITY[sdk=iphoneos*]" = "iPhone Developer";
				COPY_PHASE_STRIP = NO;
				DEBUG_INFORMATION_FORMAT = "dwarf-with-dsym";
				ENABLE_NS_ASSERTIONS = NO;
				ENABLE_STRICT_OBJC_MSGSEND = YES;
				GCC_C_LANGUAGE_STANDARD = gnu99;
				GCC_NO_COMMON_BLOCKS = YES;
				GCC_WARN_64_TO_32_BIT_CONVERSION = YES;
				GCC_WARN_ABOUT_RETURN_TYPE = YES_ERROR;
				GCC_WARN_UNDECLARED_SELECTOR = YES;
				GCC_WARN_UNINITIALIZED_AUTOS = YES_AGGRESSIVE;
				GCC_WARN_UNUSED_FUNCTION = YES;
				GCC_WARN_UNUSED_VARIABLE = YES;
				IPHONEOS_DEPLOYMENT_TARGET = 10.3;
				MTL_ENABLE_DEBUG_INFO = NO;
				OTHER_LDFLAGS = "-ObjC";
				SDKROOT = iphoneos;
				TARGETED_DEVICE_FAMILY = "1,2";
				VALIDATE_PRODUCT = YES;
			};
			name = Release;
		};
		C58DBC071EC2E49A00382FD4 /* Debug */ = {
			isa = XCBuildConfiguration;
			baseConfigurationReference = 25424420ADBCB55094512790 /* Pods-HWDemo.debug.xcconfig */;
			buildSettings = {
				ASSETCATALOG_COMPILER_APPICON_NAME = AppIcon;
				DEVELOPMENT_TEAM = 56JAM34B5U;
				GCC_PRECOMPILE_PREFIX_HEADER = YES;
				GCC_PREFIX_HEADER = "$(SRCROOT)/HWDemo/PrefixHeader.pch";
				HEADER_SEARCH_PATHS = "$(PODS_ROOT)/**";
				INFOPLIST_FILE = HWDemo/Info.plist;
				LD_RUNPATH_SEARCH_PATHS = "$(inherited) @executable_path/Frameworks";
				PRODUCT_BUNDLE_IDENTIFIER = com.fosun.wallet.pay;
				PRODUCT_NAME = "$(TARGET_NAME)";
				PROVISIONING_PROFILE = "365a4794-671b-44db-b90b-311a908cb064";
				PROVISIONING_PROFILE_SPECIFIER = fxxx;
				USER_HEADER_SEARCH_PATHS = "${SRCROOT} /**";
			};
			name = Debug;
		};
		C58DBC081EC2E49A00382FD4 /* Release */ = {
			isa = XCBuildConfiguration;
			baseConfigurationReference = C1C460841FA36903184B073D /* Pods-HWDemo.release.xcconfig */;
			buildSettings = {
				ASSETCATALOG_COMPILER_APPICON_NAME = AppIcon;
				"CODE_SIGN_IDENTITY[sdk=iphoneos*]" = "iPhone Distribution";
				DEVELOPMENT_TEAM = 56JAM34B5U;
				GCC_PRECOMPILE_PREFIX_HEADER = YES;
				GCC_PREFIX_HEADER = "$(SRCROOT)/HWDemo/PrefixHeader.pch";
				HEADER_SEARCH_PATHS = "$(PODS_ROOT)/**";
				INFOPLIST_FILE = HWDemo/Info.plist;
				LD_RUNPATH_SEARCH_PATHS = "$(inherited) @executable_path/Frameworks";
				PRODUCT_BUNDLE_IDENTIFIER = com.fosun.wallet.pay;
				PRODUCT_NAME = "$(TARGET_NAME)";
				PROVISIONING_PROFILE = "73990f81-fce0-4ee7-9a88-c1c59365c331";
				PROVISIONING_PROFILE_SPECIFIER = FXDistribution;
				USER_HEADER_SEARCH_PATHS = "${SRCROOT} /**";
			};
			name = Release;
		};
		C58DBC0A1EC2E49A00382FD4 /* Debug */ = {
			isa = XCBuildConfiguration;
			buildSettings = {
				BUNDLE_LOADER = "$(TEST_HOST)";
				DEVELOPMENT_TEAM = 56VND8YVS8;
				INFOPLIST_FILE = HWDemoTests/Info.plist;
				LD_RUNPATH_SEARCH_PATHS = "$(inherited) @executable_path/Frameworks @loader_path/Frameworks";
				PRODUCT_BUNDLE_IDENTIFIER = Hw.HWDemoTests;
				PRODUCT_NAME = "$(TARGET_NAME)";
				TEST_HOST = "$(BUILT_PRODUCTS_DIR)/HWDemo.app/HWDemo";
			};
			name = Debug;
		};
		C58DBC0B1EC2E49A00382FD4 /* Release */ = {
			isa = XCBuildConfiguration;
			buildSettings = {
				BUNDLE_LOADER = "$(TEST_HOST)";
				DEVELOPMENT_TEAM = 56VND8YVS8;
				INFOPLIST_FILE = HWDemoTests/Info.plist;
				LD_RUNPATH_SEARCH_PATHS = "$(inherited) @executable_path/Frameworks @loader_path/Frameworks";
				PRODUCT_BUNDLE_IDENTIFIER = Hw.HWDemoTests;
				PRODUCT_NAME = "$(TARGET_NAME)";
				TEST_HOST = "$(BUILT_PRODUCTS_DIR)/HWDemo.app/HWDemo";
			};
			name = Release;
		};
		C58DBC0D1EC2E49A00382FD4 /* Debug */ = {
			isa = XCBuildConfiguration;
			buildSettings = {
				DEVELOPMENT_TEAM = 56VND8YVS8;
				INFOPLIST_FILE = HWDemoUITests/Info.plist;
				LD_RUNPATH_SEARCH_PATHS = "$(inherited) @executable_path/Frameworks @loader_path/Frameworks";
				PRODUCT_BUNDLE_IDENTIFIER = Hw.HWDemoUITests;
				PRODUCT_NAME = "$(TARGET_NAME)";
				TEST_TARGET_NAME = HWDemo;
			};
			name = Debug;
		};
		C58DBC0E1EC2E49A00382FD4 /* Release */ = {
			isa = XCBuildConfiguration;
			buildSettings = {
				DEVELOPMENT_TEAM = 56VND8YVS8;
				INFOPLIST_FILE = HWDemoUITests/Info.plist;
				LD_RUNPATH_SEARCH_PATHS = "$(inherited) @executable_path/Frameworks @loader_path/Frameworks";
				PRODUCT_BUNDLE_IDENTIFIER = Hw.HWDemoUITests;
				PRODUCT_NAME = "$(TARGET_NAME)";
				TEST_TARGET_NAME = HWDemo;
			};
			name = Release;
		};
/* End XCBuildConfiguration section */

/* Begin XCConfigurationList section */
		C58DBBD41EC2E49A00382FD4 /* Build configuration list for PBXProject "HWDemo" */ = {
			isa = XCConfigurationList;
			buildConfigurations = (
				C58DBC041EC2E49A00382FD4 /* Debug */,
				C58DBC051EC2E49A00382FD4 /* Release */,
			);
			defaultConfigurationIsVisible = 0;
			defaultConfigurationName = Release;
		};
		C58DBC061EC2E49A00382FD4 /* Build configuration list for PBXNativeTarget "HWDemo" */ = {
			isa = XCConfigurationList;
			buildConfigurations = (
				C58DBC071EC2E49A00382FD4 /* Debug */,
				C58DBC081EC2E49A00382FD4 /* Release */,
			);
			defaultConfigurationIsVisible = 0;
			defaultConfigurationName = Release;
		};
		C58DBC091EC2E49A00382FD4 /* Build configuration list for PBXNativeTarget "HWDemoTests" */ = {
			isa = XCConfigurationList;
			buildConfigurations = (
				C58DBC0A1EC2E49A00382FD4 /* Debug */,
				C58DBC0B1EC2E49A00382FD4 /* Release */,
			);
			defaultConfigurationIsVisible = 0;
			defaultConfigurationName = Release;
		};
		C58DBC0C1EC2E49A00382FD4 /* Build configuration list for PBXNativeTarget "HWDemoUITests" */ = {
			isa = XCConfigurationList;
			buildConfigurations = (
				C58DBC0D1EC2E49A00382FD4 /* Debug */,
				C58DBC0E1EC2E49A00382FD4 /* Release */,
			);
			defaultConfigurationIsVisible = 0;
			defaultConfigurationName = Release;
		};
/* End XCConfigurationList section */
	};
	rootObject = C58DBBD11EC2E49A00382FD4 /* Project object */;
}
